
Microsoft Visual Studio Solution File, Format Version 12.00
# Visual Studio Version 16
VisualStudioVersion = 16.0.31702.278
MinimumVisualStudioVersion = 10.0.40219.1
Project("{9A19103F-16F7-4668-BE54-9A1E7A4F7556}") = "3dtiles", "src\3dtiles.csproj", "{E9AC8388-19EB-4F2D-9A3B-59FD03728306}"
EndProject
Project("{FAE04EC0-301F-11D3-BF4B-00C04F79EFBC}") = "3dtiles.tests", "tests\3dtiles.tests.csproj", "{6F44298E-458C-4093-803B-0D159C19B10C}"
EndProject
Global
	GlobalSection(SolutionConfigurationPlatforms) = preSolution
		Debug|Any CPU = Debug|Any CPU
		Release|Any CPU = Release|Any CPU
	EndGlobalSection
	GlobalSection(ProjectConfigurationPlatforms) = postSolution
		{E9AC8388-19EB-4F2D-9A3B-59FD03728306}.Debug|Any CPU.ActiveCfg = Debug|Any CPU
		{E9AC8388-19EB-4F2D-9A3B-59FD03728306}.Debug|Any CPU.Build.0 = Debug|Any CPU
		{E9AC8388-19EB-4F2D-9A3B-59FD03728306}.Release|Any CPU.ActiveCfg = Release|Any CPU
		{E9AC8388-19EB-4F2D-9A3B-59FD03728306}.Release|Any CPU.Build.0 = Release|Any CPU
		{6F44298E-458C-4093-803B-0D159C19B10C}.Debug|Any CPU.ActiveCfg = Debug|Any CPU
		{6F44298E-458C-4093-803B-0D159C19B10C}.Debug|Any CPU.Build.0 = Debug|Any CPU
		{6F44298E-458C-4093-803B-0D159C19B10C}.Release|Any CPU.ActiveCfg = Release|Any CPU
		{6F44298E-458C-4093-803B-0D159C19B10C}.Release|Any CPU.Build.0 = Release|Any CPU
	EndGlobalSection
	GlobalSection(SolutionProperties) = preSolution
		HideSolutionNode = FALSE
	EndGlobalSection
	GlobalSection(ExtensibilityGlobals) = postSolution
		SolutionGuid = {800159BF-B6FF-42E5-8D5F-6C4AB3B54DFF}
	EndGlobalSection
EndGlobal
